
Microsoft Visual Studio Solution File, Format Version 12.00
# Visual Studio Version 16
VisualStudioVersion = 16.0.32802.440
MinimumVisualStudioVersion = 10.0.40219.1
Project("{FAE04EC0-301F-11D3-BF4B-00C04F79EFBC}") = "Y-Sharp", "Y-Sharp\Y-Sharp.csproj", "{AF686B81-65CC-45E3-8729-8F59EED40184}"
EndProject
Global
	GlobalSection(SolutionConfigurationPlatforms) = preSolution
		Debug|Any CPU = Debug|Any CPU
		Release|Any CPU = Release|Any CPU
	EndGlobalSection
	GlobalSection(ProjectConfigurationPlatforms) = postSolution
		{AF686B81-65CC-45E3-8729-8F59EED40184}.Debug|Any CPU.ActiveCfg = Debug|Any CPU
		{AF686B81-65CC-45E3-8729-8F59EED40184}.Debug|Any CPU.Build.0 = Debug|Any CPU
		{AF686B81-65CC-45E3-8729-8F59EED40184}.Release|Any CPU.ActiveCfg = Release|Any CPU
		{AF686B81-65CC-45E3-8729-8F59EED40184}.Release|Any CPU.Build.0 = Release|Any CPU
	EndGlobalSection
	GlobalSection(SolutionProperties) = preSolution
		HideSolutionNode = FALSE
	EndGlobalSection
	GlobalSection(ExtensibilityGlobals) = postSolution
		SolutionGuid = {D536A8D9-79D8-4B14-81D2-FD0B2319ACF2}
	EndGlobalSection
EndGlobal
